
Microsoft Visual Studio Solution File, Format Version 12.00
# Visual Studio Version 16
VisualStudioVersion = 16.6.30114.105
MinimumVisualStudioVersion = 10.0.40219.1
Project("{FAE04EC0-301F-11D3-BF4B-00C04F79EFBC}") = "Single Linked List", "Single Linked List\Single Linked List.csproj", "{F411247B-5B02-463B-9FF2-76DA3EFF072C}"
EndProject
Project("{FAE04EC0-301F-11D3-BF4B-00C04F79EFBC}") = "DoubleLinkedList", "DoubleLinkedList\DoubleLinkedList.csproj", "{BDBEF927-C862-4337-BFAC-65A2426CE713}"
EndProject
Project("{FAE04EC0-301F-11D3-BF4B-00C04F79EFBC}") = "CircularLinkedList", "CircularLinkedList\CircularLinkedList.csproj", "{9CDD06C3-FF4C-41F4-8D1B-F5A4C6A55C4D}"
EndProject
Global
	GlobalSection(SolutionConfigurationPlatforms) = preSolution
		Debug|Any CPU = Debug|Any CPU
		Debug|x64 = Debug|x64
		Debug|x86 = Debug|x86
		Release|Any CPU = Release|Any CPU
		Release|x64 = Release|x64
		Release|x86 = Release|x86
	EndGlobalSection
	GlobalSection(SolutionProperties) = preSolution
		HideSolutionNode = FALSE
	EndGlobalSection
	GlobalSection(ProjectConfigurationPlatforms) = postSolution
		{F411247B-5B02-463B-9FF2-76DA3EFF072C}.Debug|Any CPU.ActiveCfg = Debug|Any CPU
		{F411247B-5B02-463B-9FF2-76DA3EFF072C}.Debug|Any CPU.Build.0 = Debug|Any CPU
		{F411247B-5B02-463B-9FF2-76DA3EFF072C}.Debug|x64.ActiveCfg = Debug|Any CPU
		{F411247B-5B02-463B-9FF2-76DA3EFF072C}.Debug|x64.Build.0 = Debug|Any CPU
		{F411247B-5B02-463B-9FF2-76DA3EFF072C}.Debug|x86.ActiveCfg = Debug|Any CPU
		{F411247B-5B02-463B-9FF2-76DA3EFF072C}.Debug|x86.Build.0 = Debug|Any CPU
		{F411247B-5B02-463B-9FF2-76DA3EFF072C}.Release|Any CPU.ActiveCfg = Release|Any CPU
		{F411247B-5B02-463B-9FF2-76DA3EFF072C}.Release|Any CPU.Build.0 = Release|Any CPU
		{F411247B-5B02-463B-9FF2-76DA3EFF072C}.Release|x64.ActiveCfg = Release|Any CPU
		{F411247B-5B02-463B-9FF2-76DA3EFF072C}.Release|x64.Build.0 = Release|Any CPU
		{F411247B-5B02-463B-9FF2-76DA3EFF072C}.Release|x86.ActiveCfg = Release|Any CPU
		{F411247B-5B02-463B-9FF2-76DA3EFF072C}.Release|x86.Build.0 = Release|Any CPU
		{BDBEF927-C862-4337-BFAC-65A2426CE713}.Debug|Any CPU.ActiveCfg = Debug|Any CPU
		{BDBEF927-C862-4337-BFAC-65A2426CE713}.Debug|Any CPU.Build.0 = Debug|Any CPU
		{BDBEF927-C862-4337-BFAC-65A2426CE713}.Debug|x64.ActiveCfg = Debug|Any CPU
		{BDBEF927-C862-4337-BFAC-65A2426CE713}.Debug|x64.Build.0 = Debug|Any CPU
		{BDBEF927-C862-4337-BFAC-65A2426CE713}.Debug|x86.ActiveCfg = Debug|Any CPU
		{BDBEF927-C862-4337-BFAC-65A2426CE713}.Debug|x86.Build.0 = Debug|Any CPU
		{BDBEF927-C862-4337-BFAC-65A2426CE713}.Release|Any CPU.ActiveCfg = Release|Any CPU
		{BDBEF927-C862-4337-BFAC-65A2426CE713}.Release|Any CPU.Build.0 = Release|Any CPU
		{BDBEF927-C862-4337-BFAC-65A2426CE713}.Release|x64.ActiveCfg = Release|Any CPU
		{BDBEF927-C862-4337-BFAC-65A2426CE713}.Release|x64.Build.0 = Release|Any CPU
		{BDBEF927-C862-4337-BFAC-65A2426CE713}.Release|x86.ActiveCfg = Release|Any CPU
		{BDBEF927-C862-4337-BFAC-65A2426CE713}.Release|x86.Build.0 = Release|Any CPU
		{9CDD06C3-FF4C-41F4-8D1B-F5A4C6A55C4D}.Debug|Any CPU.ActiveCfg = Debug|Any CPU
		{9CDD06C3-FF4C-41F4-8D1B-F5A4C6A55C4D}.Debug|Any CPU.Build.0 = Debug|Any CPU
		{9CDD06C3-FF4C-41F4-8D1B-F5A4C6A55C4D}.Debug|x64.ActiveCfg = Debug|Any CPU
		{9CDD06C3-FF4C-41F4-8D1B-F5A4C6A55C4D}.Debug|x64.Build.0 = Debug|Any CPU
		{9CDD06C3-FF4C-41F4-8D1B-F5A4C6A55C4D}.Debug|x86.ActiveCfg = Debug|Any CPU
		{9CDD06C3-FF4C-41F4-8D1B-F5A4C6A55C4D}.Debug|x86.Build.0 = Debug|Any CPU
		{9CDD06C3-FF4C-41F4-8D1B-F5A4C6A55C4D}.Release|Any CPU.ActiveCfg = Release|Any CPU
		{9CDD06C3-FF4C-41F4-8D1B-F5A4C6A55C4D}.Release|Any CPU.Build.0 = Release|Any CPU
		{9CDD06C3-FF4C-41F4-8D1B-F5A4C6A55C4D}.Release|x64.ActiveCfg = Release|Any CPU
		{9CDD06C3-FF4C-41F4-8D1B-F5A4C6A55C4D}.Release|x64.Build.0 = Release|Any CPU
		{9CDD06C3-FF4C-41F4-8D1B-F5A4C6A55C4D}.Release|x86.ActiveCfg = Release|Any CPU
		{9CDD06C3-FF4C-41F4-8D1B-F5A4C6A55C4D}.Release|x86.Build.0 = Release|Any CPU
	EndGlobalSection
EndGlobal
